
Microsoft Visual Studio Solution File, Format Version 12.00
# Visual Studio Version 17
VisualStudioVersion = 17.8.34316.72
MinimumVisualStudioVersion = 10.0.40219.1
Project("{9A19103F-16F7-4668-BE54-9A1E7A4F7556}") = "LibraryManagement.Models", "..\LibraryManagementSystem\LibraryManagement.Models\LibraryManagement.Models.csproj", "{8D3AA019-F809-4799-B40A-B926D078532C}"
EndProject
Project("{9A19103F-16F7-4668-BE54-9A1E7A4F7556}") = "LibraryManagement.Repositories", "..\LibraryManagementSystem\LibraryManagement.Repositories\LibraryManagement.Repositories.csproj", "{0681CDF6-7021-49C2-A86D-F9831336B83E}"
EndProject
Project("{9A19103F-16F7-4668-BE54-9A1E7A4F7556}") = "LibraryManagement.Services", "..\LibraryManagementSystem\LibraryManagement.Services\LibraryManagement.Services.csproj", "{300B7D1F-A8FE-41B2-9D98-7FAF7B324715}"
EndProject
Project("{9A19103F-16F7-4668-BE54-9A1E7A4F7556}") = "LibraryManagement.App", "..\LibraryManagementSystem\LibraryManagement.App\LibraryManagement.App.csproj", "{EA20FA2D-964D-4E95-AB9E-18879CD68D78}"
EndProject
Project("{FAE04EC0-301F-11D3-BF4B-00C04F79EFBC}") = "LibraryManagement.Tests", "..\LibraryManagementSystem\LibraryManagement.Tests\LibraryManagement.Tests.csproj", "{864B98F1-CC74-4066-884F-5914D4A2A7C7}"
EndProject
Global
	GlobalSection(SolutionConfigurationPlatforms) = preSolution
		Debug|Any CPU = Debug|Any CPU
		Release|Any CPU = Release|Any CPU
	EndGlobalSection
	GlobalSection(ProjectConfigurationPlatforms) = postSolution
		{8D3AA019-F809-4799-B40A-B926D078532C}.Debug|Any CPU.ActiveCfg = Debug|Any CPU
		{8D3AA019-F809-4799-B40A-B926D078532C}.Debug|Any CPU.Build.0 = Debug|Any CPU
		{8D3AA019-F809-4799-B40A-B926D078532C}.Release|Any CPU.ActiveCfg = Release|Any CPU
		{8D3AA019-F809-4799-B40A-B926D078532C}.Release|Any CPU.Build.0 = Release|Any CPU
		{0681CDF6-7021-49C2-A86D-F9831336B83E}.Debug|Any CPU.ActiveCfg = Debug|Any CPU
		{0681CDF6-7021-49C2-A86D-F9831336B83E}.Debug|Any CPU.Build.0 = Debug|Any CPU
		{0681CDF6-7021-49C2-A86D-F9831336B83E}.Release|Any CPU.ActiveCfg = Release|Any CPU
		{0681CDF6-7021-49C2-A86D-F9831336B83E}.Release|Any CPU.Build.0 = Release|Any CPU
		{300B7D1F-A8FE-41B2-9D98-7FAF7B324715}.Debug|Any CPU.ActiveCfg = Debug|Any CPU
		{300B7D1F-A8FE-41B2-9D98-7FAF7B324715}.Debug|Any CPU.Build.0 = Debug|Any CPU
		{300B7D1F-A8FE-41B2-9D98-7FAF7B324715}.Release|Any CPU.ActiveCfg = Release|Any CPU
		{300B7D1F-A8FE-41B2-9D98-7FAF7B324715}.Release|Any CPU.Build.0 = Release|Any CPU
		{EA20FA2D-964D-4E95-AB9E-18879CD68D78}.Debug|Any CPU.ActiveCfg = Debug|Any CPU
		{EA20FA2D-964D-4E95-AB9E-18879CD68D78}.Debug|Any CPU.Build.0 = Debug|Any CPU
		{EA20FA2D-964D-4E95-AB9E-18879CD68D78}.Release|Any CPU.ActiveCfg = Release|Any CPU
		{EA20FA2D-964D-4E95-AB9E-18879CD68D78}.Release|Any CPU.Build.0 = Release|Any CPU
		{864B98F1-CC74-4066-884F-5914D4A2A7C7}.Debug|Any CPU.ActiveCfg = Debug|Any CPU
		{864B98F1-CC74-4066-884F-5914D4A2A7C7}.Debug|Any CPU.Build.0 = Debug|Any CPU
		{864B98F1-CC74-4066-884F-5914D4A2A7C7}.Release|Any CPU.ActiveCfg = Release|Any CPU
		{864B98F1-CC74-4066-884F-5914D4A2A7C7}.Release|Any CPU.Build.0 = Release|Any CPU
	EndGlobalSection
	GlobalSection(SolutionProperties) = preSolution
		HideSolutionNode = FALSE
	EndGlobalSection
	GlobalSection(ExtensibilityGlobals) = postSolution
		SolutionGuid = {99E04E3C-58FB-4B94-907C-7B7784097A6A}
	EndGlobalSection
EndGlobal
